PODS:
  - Alamofire (4.9.1)
  - BMXCall (1.0.5):
    - BMXCore (~> 1.0.5)
  - BMXCore (1.0.5):
    - Alamofire (~> 4.9.1)
    - Japx/CodableAlamofire (~> 2.0.2)
    - OAuthSwift (~> 2.0.0)
  - Japx/Alamofire (2.0.2):
    - Alamofire (~> 4.5)
    - Japx/Core
  - Japx/Codable (2.0.2):
    - Japx/Core
  - Japx/CodableAlamofire (2.0.2):
    - Japx/Alamofire
    - Japx/Codable
  - Japx/Core (2.0.2)
  - OAuthSwift (2.0.0)
  - SVProgressHUD (2.2.5)

DEPENDENCIES:
  - BMXCall (~> 1.0.5)
  - BMXCore (~> 1.0.5)
  - SVProgressHUD

SPEC REPOS:
  trunk:
    - Alamofire
    - BMXCall
    - BMXCore
    - Japx
    - OAuthSwift
    - SVProgressHUD

SPEC CHECKSUMS:
  Alamofire: 85e8a02c69d6020a0d734f6054870d7ecb75cf18
  BMXCall: b7cc5a9e684549fadd10b5eb56f932af9f444dd9
  BMXCore: 4c3922b4544bd3edd5f2098a1595d828883e24be
  Japx: fad17fcb8fe56d69a493ea7d3fce6e1d796879f8
  OAuthSwift: 6805456763cf1c7ae0c16765257ed430b7aacae7
  SVProgressHUD: 1428aafac632c1f86f62aa4243ec12008d7a51d6

PODFILE CHECKSUM: 478e25ede872cf4e2ca23b4b6f1499718ae303ca

COCOAPODS: 1.8.4
