PODS:
  - Alamofire (5.6.4)
  - BMXCall (2.3):
    - BMXCore (~> 2.3)
    - TwilioVideo (~> 5.1)
  - BMXCore (2.3):
    - Alamofire (~> 5.2)
    - Japx/Alamofire
    - OAuthSwift (= 2.1.0)
  - Japx/Alamofire (4.0.0):
    - Alamofire
    - Japx/Core
  - Japx/Core (4.0.0)
  - OAuthSwift (2.1.0)
  - SVProgressHUD (2.2.5)
  - TwilioVideo (5.3.0)

DEPENDENCIES:
  - BMXCall (~> 2.3.0)
  - SVProgressHUD

SPEC REPOS:
  trunk:
    - Alamofire
    - BMXCall
    - BMXCore
    - Japx
    - OAuthSwift
    - SVProgressHUD
    - TwilioVideo

SPEC CHECKSUMS:
  Alamofire: 4e95d97098eacb88856099c4fc79b526a299e48c
  BMXCall: 412175fdbb89279e5a777e5e9ba59052b13652b0
  BMXCore: bf545ee3d906a0301cc53fd5ab3de9b67dbf2c5f
  Japx: 4bb2d79d023af5e7ea44c0a2875c4b070080e111
  OAuthSwift: ab1675598273e04355e0282459c328e65c9ddacd
  SVProgressHUD: 1428aafac632c1f86f62aa4243ec12008d7a51d6
  TwilioVideo: a7bdb489205098d605b2769b3352e8a0b3e9527a

PODFILE CHECKSUM: 9a2846bcffc79659fc661f24b4e5ee4a3988b94b

COCOAPODS: 1.11.3
